
Microsoft Visual Studio Solution File, Format Version 12.00
# Visual Studio Version 17
VisualStudioVersion = 17.10.34928.147
MinimumVisualStudioVersion = 10.0.40219.1
Project("{FAE04EC0-301F-11D3-BF4B-00C04F79EFBC}") = "assignment17", "assignment17\assignment17.csproj", "{FB88D811-62B3-438A-985E-113EC0712682}"
EndProject
Global
	GlobalSection(SolutionConfigurationPlatforms) = preSolution
		Debug|Any CPU = Debug|Any CPU
		Release|Any CPU = Release|Any CPU
	EndGlobalSection
	GlobalSection(ProjectConfigurationPlatforms) = postSolution
		{FB88D811-62B3-438A-985E-113EC0712682}.Debug|Any CPU.ActiveCfg = Debug|Any CPU
		{FB88D811-62B3-438A-985E-113EC0712682}.Debug|Any CPU.Build.0 = Debug|Any CPU
		{FB88D811-62B3-438A-985E-113EC0712682}.Release|Any CPU.ActiveCfg = Release|Any CPU
		{FB88D811-62B3-438A-985E-113EC0712682}.Release|Any CPU.Build.0 = Release|Any CPU
	EndGlobalSection
	GlobalSection(SolutionProperties) = preSolution
		HideSolutionNode = FALSE
	EndGlobalSection
	GlobalSection(ExtensibilityGlobals) = postSolution
		SolutionGuid = {5784065B-8375-44FC-839E-816059797467}
	EndGlobalSection
EndGlobal
